// !$*UTF8*$!
{
	archiveVersion = 1;
	classes = {
	};
	objectVersion = 77;
	objects = {

/* Begin PBXBuildFile section */
		F63F76DD2CFA5E5F00BDC2EF /* Preview Assets.xcassets in Resources */ = {isa = PBXBuildFile; fileRef = F63F76D72CFA5E5F00BDC2EF /* Preview Assets.xcassets */; };
		F63F76DE2CFA5E5F00BDC2EF /* Assets.xcassets in Resources */ = {isa = PBXBuildFile; fileRef = F63F76D92CFA5E5F00BDC2EF /* Assets.xcassets */; };
		F63F76DF2CFA5E5F00BDC2EF /* ContentView.swift in Sources */ = {isa = PBXBuildFile; fileRef = F63F76DA2CFA5E5F00BDC2EF /* ContentView.swift */; };
		F63F76E02CFA5E5F00BDC2EF /* Green_QuizApp.swift in Sources */ = {isa = PBXBuildFile; fileRef = F63F76DB2CFA5E5F00BDC2EF /* Green_QuizApp.swift */; };
		F63F76F12CFA5F3D00BDC2EF /* PrivacyViewNQ.swift in Sources */ = {isa = PBXBuildFile; fileRef = F63F76E42CFA5F3D00BDC2EF /* PrivacyViewNQ.swift */; };
		F63F76F22CFA5F3D00BDC2EF /* QuestionViewNQ.swift in Sources */ = {isa = PBXBuildFile; fileRef = F63F76E82CFA5F3D00BDC2EF /* QuestionViewNQ.swift */; };
		F63F76F32CFA5F3D00BDC2EF /* QuestionPickViewNQ.swift in Sources */ = {isa = PBXBuildFile; fileRef = F63F76E92CFA5F3D00BDC2EF /* QuestionPickViewNQ.swift */; };
		F63F76F42CFA5F3D00BDC2EF /* ImagePicker.swift in Sources */ = {isa = PBXBuildFile; fileRef = F63F76EE2CFA5F3D00BDC2EF /* ImagePicker.swift */; };
		F63F76F52CFA5F3D00BDC2EF /* QuestionViewModelNQ.swift in Sources */ = {isa = PBXBuildFile; fileRef = F63F76E72CFA5F3D00BDC2EF /* QuestionViewModelNQ.swift */; };
		F63F76F62CFA5F3D00BDC2EF /* LoadingViewSQ.swift in Sources */ = {isa = PBXBuildFile; fileRef = F63F76E22CFA5F3D00BDC2EF /* LoadingViewSQ.swift */; };
		F63F76F72CFA5F3D00BDC2EF /* NotificationCenter.swift in Sources */ = {isa = PBXBuildFile; fileRef = F63F76ED2CFA5F3D00BDC2EF /* NotificationCenter.swift */; };
		F63F76F82CFA5F3D00BDC2EF /* ExtensionsNQ.swift in Sources */ = {isa = PBXBuildFile; fileRef = F63F76EB2CFA5F3D00BDC2EF /* ExtensionsNQ.swift */; };
		F63F76F92CFA5F3D00BDC2EF /* ProfileViewNQ.swift in Sources */ = {isa = PBXBuildFile; fileRef = F63F76EF2CFA5F3D00BDC2EF /* ProfileViewNQ.swift */; };
		F63F76FA2CFA5F3D00BDC2EF /* WebView.swift in Sources */ = {isa = PBXBuildFile; fileRef = F63F76E52CFA5F3D00BDC2EF /* WebView.swift */; };
		F63F76FB2CFA5F3D00BDC2EF /* FactsViewNQ.swift in Sources */ = {isa = PBXBuildFile; fileRef = F63F76EC2CFA5F3D00BDC2EF /* FactsViewNQ.swift */; };
		F63F76FC2CFA5F3D00BDC2EF /* privacy.html in Resources */ = {isa = PBXBuildFile; fileRef = F63F76E32CFA5F3D00BDC2EF /* privacy.html */; };
/* End PBXBuildFile section */

/* Begin PBXFileReference section */
		F63F76C62CFA5E5B00BDC2EF /* Green Quiz.app */ = {isa = PBXFileReference; explicitFileType = wrapper.application; includeInIndex = 0; path = "Green Quiz.app"; sourceTree = BUILT_PRODUCTS_DIR; };
		F63F76D72CFA5E5F00BDC2EF /* Preview Assets.xcassets */ = {isa = PBXFileReference; lastKnownFileType = folder.assetcatalog; path = "Preview Assets.xcassets"; sourceTree = "<group>"; };
		F63F76D92CFA5E5F00BDC2EF /* Assets.xcassets */ = {isa = PBXFileReference; lastKnownFileType = folder.assetcatalog; path = Assets.xcassets; sourceTree = "<group>"; };
		F63F76DA2CFA5E5F00BDC2EF /* ContentView.swift */ = {isa = PBXFileReference; lastKnownFileType = sourcecode.swift; path = ContentView.swift; sourceTree = "<group>"; };
		F63F76DB2CFA5E5F00BDC2EF /* Green_QuizApp.swift */ = {isa = PBXFileReference; lastKnownFileType = sourcecode.swift; path = Green_QuizApp.swift; sourceTree = "<group>"; };
		F63F76E12CFA5F1000BDC2EF /* Green-Quiz-Info.plist */ = {isa = PBXFileReference; lastKnownFileType = text.plist; path = "Green-Quiz-Info.plist"; sourceTree = SOURCE_ROOT; };
		F63F76E22CFA5F3D00BDC2EF /* LoadingViewSQ.swift */ = {isa = PBXFileReference; lastKnownFileType = sourcecode.swift; path = LoadingViewSQ.swift; sourceTree = "<group>"; };
		F63F76E32CFA5F3D00BDC2EF /* privacy.html */ = {isa = PBXFileReference; lastKnownFileType = text.html; path = privacy.html; sourceTree = "<group>"; };
		F63F76E42CFA5F3D00BDC2EF /* PrivacyViewNQ.swift */ = {isa = PBXFileReference; lastKnownFileType = sourcecode.swift; path = PrivacyViewNQ.swift; sourceTree = "<group>"; };
		F63F76E52CFA5F3D00BDC2EF /* WebView.swift */ = {isa = PBXFileReference; lastKnownFileType = sourcecode.swift; path = WebView.swift; sourceTree = "<group>"; };
		F63F76E72CFA5F3D00BDC2EF /* QuestionViewModelNQ.swift */ = {isa = PBXFileReference; lastKnownFileType = sourcecode.swift; path = QuestionViewModelNQ.swift; sourceTree = "<group>"; };
		F63F76E82CFA5F3D00BDC2EF /* QuestionViewNQ.swift */ = {isa = PBXFileReference; lastKnownFileType = sourcecode.swift; path = QuestionViewNQ.swift; sourceTree = "<group>"; };
		F63F76E92CFA5F3D00BDC2EF /* QuestionPickViewNQ.swift */ = {isa = PBXFileReference; lastKnownFileType = sourcecode.swift; path = QuestionPickViewNQ.swift; sourceTree = "<group>"; };
		F63F76EB2CFA5F3D00BDC2EF /* ExtensionsNQ.swift */ = {isa = PBXFileReference; lastKnownFileType = sourcecode.swift; path = ExtensionsNQ.swift; sourceTree = "<group>"; };
		F63F76EC2CFA5F3D00BDC2EF /* FactsViewNQ.swift */ = {isa = PBXFileReference; lastKnownFileType = sourcecode.swift; path = FactsViewNQ.swift; sourceTree = "<group>"; };
		F63F76ED2CFA5F3D00BDC2EF /* NotificationCenter.swift */ = {isa = PBXFileReference; lastKnownFileType = sourcecode.swift; path = NotificationCenter.swift; sourceTree = "<group>"; };
		F63F76EE2CFA5F3D00BDC2EF /* ImagePicker.swift */ = {isa = PBXFileReference; lastKnownFileType = sourcecode.swift; path = ImagePicker.swift; sourceTree = "<group>"; };
		F63F76EF2CFA5F3D00BDC2EF /* ProfileViewNQ.swift */ = {isa = PBXFileReference; lastKnownFileType = sourcecode.swift; path = ProfileViewNQ.swift; sourceTree = "<group>"; };
/* End PBXFileReference section */

/* Begin PBXFrameworksBuildPhase section */
		F63F76C32CFA5E5B00BDC2EF /* Frameworks */ = {
			isa = PBXFrameworksBuildPhase;
			buildActionMask = 2147483647;
			files = (
			);
			runOnlyForDeploymentPostprocessing = 0;
		};
/* End PBXFrameworksBuildPhase section */

/* Begin PBXGroup section */
		F63F76BD2CFA5E5B00BDC2EF = {
			isa = PBXGroup;
			children = (
				F63F76DC2CFA5E5F00BDC2EF /* Green Quiz */,
				F63F76C72CFA5E5B00BDC2EF /* Products */,
			);
			sourceTree = "<group>";
		};
		F63F76C72CFA5E5B00BDC2EF /* Products */ = {
			isa = PBXGroup;
			children = (
				F63F76C62CFA5E5B00BDC2EF /* Green Quiz.app */,
			);
			name = Products;
			sourceTree = "<group>";
		};
		F63F76D82CFA5E5F00BDC2EF /* Preview Content */ = {
			isa = PBXGroup;
			children = (
				F63F76D72CFA5E5F00BDC2EF /* Preview Assets.xcassets */,
			);
			path = "Preview Content";
			sourceTree = "<group>";
		};
		F63F76DC2CFA5E5F00BDC2EF /* Green Quiz */ = {
			isa = PBXGroup;
			children = (
				F63F76E12CFA5F1000BDC2EF /* Green-Quiz-Info.plist */,
				F63F76DB2CFA5E5F00BDC2EF /* Green_QuizApp.swift */,
				F63F76DA2CFA5E5F00BDC2EF /* ContentView.swift */,
				F63F76E62CFA5F3D00BDC2EF /* Loading G */,
				F63F76EA2CFA5F3D00BDC2EF /* QuestionsNQ */,
				F63F76EB2CFA5F3D00BDC2EF /* ExtensionsNQ.swift */,
				F63F76EC2CFA5F3D00BDC2EF /* FactsViewNQ.swift */,
				F63F76ED2CFA5F3D00BDC2EF /* NotificationCenter.swift */,
				F63F76F02CFA5F3D00BDC2EF /* ProfileNQ */,
				F63F76D92CFA5E5F00BDC2EF /* Assets.xcassets */,
				F63F76D82CFA5E5F00BDC2EF /* Preview Content */,
			);
			path = "Green Quiz";
			sourceTree = "<group>";
		};
		F63F76E62CFA5F3D00BDC2EF /* Loading G */ = {
			isa = PBXGroup;
			children = (
				F63F76E22CFA5F3D00BDC2EF /* LoadingViewSQ.swift */,
				F63F76E32CFA5F3D00BDC2EF /* privacy.html */,
				F63F76E42CFA5F3D00BDC2EF /* PrivacyViewNQ.swift */,
				F63F76E52CFA5F3D00BDC2EF /* WebView.swift */,
			);
			path = "Loading G";
			sourceTree = "<group>";
		};
		F63F76EA2CFA5F3D00BDC2EF /* QuestionsNQ */ = {
			isa = PBXGroup;
			children = (
				F63F76E72CFA5F3D00BDC2EF /* QuestionViewModelNQ.swift */,
				F63F76E82CFA5F3D00BDC2EF /* QuestionViewNQ.swift */,
				F63F76E92CFA5F3D00BDC2EF /* QuestionPickViewNQ.swift */,
			);
			path = QuestionsNQ;
			sourceTree = "<group>";
		};
		F63F76F02CFA5F3D00BDC2EF /* ProfileNQ */ = {
			isa = PBXGroup;
			children = (
				F63F76EE2CFA5F3D00BDC2EF /* ImagePicker.swift */,
				F63F76EF2CFA5F3D00BDC2EF /* ProfileViewNQ.swift */,
			);
			path = ProfileNQ;
			sourceTree = "<group>";
		};
/* End PBXGroup section */

/* Begin PBXNativeTarget section */
		F63F76C52CFA5E5B00BDC2EF /* Green Quiz */ = {
			isa = PBXNativeTarget;
			buildConfigurationList = F63F76D42CFA5E5B00BDC2EF /* Build configuration list for PBXNativeTarget "Green Quiz" */;
			buildPhases = (
				F63F76C22CFA5E5B00BDC2EF /* Sources */,
				F63F76C32CFA5E5B00BDC2EF /* Frameworks */,
				F63F76C42CFA5E5B00BDC2EF /* Resources */,
			);
			buildRules = (
			);
			dependencies = (
			);
			name = "Green Quiz";
			packageProductDependencies = (
			);
			productName = "Green Quiz";
			productReference = F63F76C62CFA5E5B00BDC2EF /* Green Quiz.app */;
			productType = "com.apple.product-type.application";
		};
/* End PBXNativeTarget section */

/* Begin PBXProject section */
		F63F76BE2CFA5E5B00BDC2EF /* Project object */ = {
			isa = PBXProject;
			attributes = {
				BuildIndependentTargetsInParallel = 1;
				LastSwiftUpdateCheck = 1600;
				LastUpgradeCheck = 1600;
				TargetAttributes = {
					F63F76C52CFA5E5B00BDC2EF = {
						CreatedOnToolsVersion = 16.0;
					};
				};
			};
			buildConfigurationList = F63F76C12CFA5E5B00BDC2EF /* Build configuration list for PBXProject "Green Quiz" */;
			developmentRegion = en;
			hasScannedForEncodings = 0;
			knownRegions = (
				en,
				Base,
			);
			mainGroup = F63F76BD2CFA5E5B00BDC2EF;
			minimizedProjectReferenceProxies = 1;
			preferredProjectObjectVersion = 77;
			productRefGroup = F63F76C72CFA5E5B00BDC2EF /* Products */;
			projectDirPath = "";
			projectRoot = "";
			targets = (
				F63F76C52CFA5E5B00BDC2EF /* Green Quiz */,
			);
		};
/* End PBXProject section */

/* Begin PBXResourcesBuildPhase section */
		F63F76C42CFA5E5B00BDC2EF /* Resources */ = {
			isa = PBXResourcesBuildPhase;
			buildActionMask = 2147483647;
			files = (
				F63F76DD2CFA5E5F00BDC2EF /* Preview Assets.xcassets in Resources */,
				F63F76FC2CFA5F3D00BDC2EF /* privacy.html in Resources */,
				F63F76DE2CFA5E5F00BDC2EF /* Assets.xcassets in Resources */,
			);
			runOnlyForDeploymentPostprocessing = 0;
		};
/* End PBXResourcesBuildPhase section */

/* Begin PBXSourcesBuildPhase section */
		F63F76C22CFA5E5B00BDC2EF /* Sources */ = {
			isa = PBXSourcesBuildPhase;
			buildActionMask = 2147483647;
			files = (
				F63F76F12CFA5F3D00BDC2EF /* PrivacyViewNQ.swift in Sources */,
				F63F76F22CFA5F3D00BDC2EF /* QuestionViewNQ.swift in Sources */,
				F63F76F32CFA5F3D00BDC2EF /* QuestionPickViewNQ.swift in Sources */,
				F63F76F42CFA5F3D00BDC2EF /* ImagePicker.swift in Sources */,
				F63F76F52CFA5F3D00BDC2EF /* QuestionViewModelNQ.swift in Sources */,
				F63F76F62CFA5F3D00BDC2EF /* LoadingViewSQ.swift in Sources */,
				F63F76F72CFA5F3D00BDC2EF /* NotificationCenter.swift in Sources */,
				F63F76F82CFA5F3D00BDC2EF /* ExtensionsNQ.swift in Sources */,
				F63F76F92CFA5F3D00BDC2EF /* ProfileViewNQ.swift in Sources */,
				F63F76FA2CFA5F3D00BDC2EF /* WebView.swift in Sources */,
				F63F76FB2CFA5F3D00BDC2EF /* FactsViewNQ.swift in Sources */,
				F63F76DF2CFA5E5F00BDC2EF /* ContentView.swift in Sources */,
				F63F76E02CFA5E5F00BDC2EF /* Green_QuizApp.swift in Sources */,
			);
			runOnlyForDeploymentPostprocessing = 0;
		};
/* End PBXSourcesBuildPhase section */

/* Begin XCBuildConfiguration section */
		F63F76D22CFA5E5B00BDC2EF /* Debug */ = {
			isa = XCBuildConfiguration;
			buildSettings = {
				ALWAYS_SEARCH_USER_PATHS = NO;
				ASSETCATALOG_COMPILER_GENERATE_SWIFT_ASSET_SYMBOL_EXTENSIONS = YES;
				CLANG_ANALYZER_NONNULL = YES;
				CLANG_ANALYZER_NUMBER_OBJECT_CONVERSION = YES_AGGRESSIVE;
				CLANG_CXX_LANGUAGE_STANDARD = "gnu++20";
				CLANG_ENABLE_MODULES = YES;
				CLANG_ENABLE_OBJC_ARC = YES;
				CLANG_ENABLE_OBJC_WEAK = YES;
				CLANG_WARN_BLOCK_CAPTURE_AUTORELEASING = YES;
				CLANG_WARN_BOOL_CONVERSION = YES;
				CLANG_WARN_COMMA = YES;
				CLANG_WARN_CONSTANT_CONVERSION = YES;
				CLANG_WARN_DEPRECATED_OBJC_IMPLEMENTATIONS = YES;
				CLANG_WARN_DIRECT_OBJC_ISA_USAGE = YES_ERROR;
				CLANG_WARN_DOCUMENTATION_COMMENTS = YES;
				CLANG_WARN_EMPTY_BODY = YES;
				CLANG_WARN_ENUM_CONVERSION = YES;
				CLANG_WARN_INFINITE_RECURSION = YES;
				CLANG_WARN_INT_CONVERSION = YES;
				CLANG_WARN_NON_LITERAL_NULL_CONVERSION = YES;
				CLANG_WARN_OBJC_IMPLICIT_RETAIN_SELF = YES;
				CLANG_WARN_OBJC_LITERAL_CONVERSION = YES;
				CLANG_WARN_OBJC_ROOT_CLASS = YES_ERROR;
				CLANG_WARN_QUOTED_INCLUDE_IN_FRAMEWORK_HEADER = YES;
				CLANG_WARN_RANGE_LOOP_ANALYSIS = YES;
				CLANG_WARN_STRICT_PROTOTYPES = YES;
				CLANG_WARN_SUSPICIOUS_MOVE = YES;
				CLANG_WARN_UNGUARDED_AVAILABILITY = YES_AGGRESSIVE;
				CLANG_WARN_UNREACHABLE_CODE = YES;
				CLANG_WARN__DUPLICATE_METHOD_MATCH = YES;
				COPY_PHASE_STRIP = NO;
				DEBUG_INFORMATION_FORMAT = dwarf;
				ENABLE_STRICT_OBJC_MSGSEND = YES;
				ENABLE_TESTABILITY = YES;
				ENABLE_USER_SCRIPT_SANDBOXING = YES;
				GCC_C_LANGUAGE_STANDARD = gnu17;
				GCC_DYNAMIC_NO_PIC = NO;
				GCC_NO_COMMON_BLOCKS = YES;
				GCC_OPTIMIZATION_LEVEL = 0;
				GCC_PREPROCESSOR_DEFINITIONS = (
					"DEBUG=1",
					"$(inherited)",
				);
				GCC_WARN_64_TO_32_BIT_CONVERSION = YES;
				GCC_WARN_ABOUT_RETURN_TYPE = YES_ERROR;
				GCC_WARN_UNDECLARED_SELECTOR = YES;
				GCC_WARN_UNINITIALIZED_AUTOS = YES_AGGRESSIVE;
				GCC_WARN_UNUSED_FUNCTION = YES;
				GCC_WARN_UNUSED_VARIABLE = YES;
				IPHONEOS_DEPLOYMENT_TARGET = 18.0;
				LOCALIZATION_PREFERS_STRING_CATALOGS = YES;
				MTL_ENABLE_DEBUG_INFO = INCLUDE_SOURCE;
				MTL_FAST_MATH = YES;
				ONLY_ACTIVE_ARCH = YES;
				SDKROOT = iphoneos;
				SWIFT_ACTIVE_COMPILATION_CONDITIONS = "DEBUG $(inherited)";
				SWIFT_OPTIMIZATION_LEVEL = "-Onone";
			};
			name = Debug;
		};
		F63F76D32CFA5E5B00BDC2EF /* Release */ = {
			isa = XCBuildConfiguration;
			buildSettings = {
				ALWAYS_SEARCH_USER_PATHS = NO;
				ASSETCATALOG_COMPILER_GENERATE_SWIFT_ASSET_SYMBOL_EXTENSIONS = YES;
				CLANG_ANALYZER_NONNULL = YES;
				CLANG_ANALYZER_NUMBER_OBJECT_CONVERSION = YES_AGGRESSIVE;
				CLANG_CXX_LANGUAGE_STANDARD = "gnu++20";
				CLANG_ENABLE_MODULES = YES;
				CLANG_ENABLE_OBJC_ARC = YES;
				CLANG_ENABLE_OBJC_WEAK = YES;
				CLANG_WARN_BLOCK_CAPTURE_AUTORELEASING = YES;
				CLANG_WARN_BOOL_CONVERSION = YES;
				CLANG_WARN_COMMA = YES;
				CLANG_WARN_CONSTANT_CONVERSION = YES;
				CLANG_WARN_DEPRECATED_OBJC_IMPLEMENTATIONS = YES;
				CLANG_WARN_DIRECT_OBJC_ISA_USAGE = YES_ERROR;
				CLANG_WARN_DOCUMENTATION_COMMENTS = YES;
				CLANG_WARN_EMPTY_BODY = YES;
				CLANG_WARN_ENUM_CONVERSION = YES;
				CLANG_WARN_INFINITE_RECURSION = YES;
				CLANG_WARN_INT_CONVERSION = YES;
				CLANG_WARN_NON_LITERAL_NULL_CONVERSION = YES;
				CLANG_WARN_OBJC_IMPLICIT_RETAIN_SELF = YES;
				CLANG_WARN_OBJC_LITERAL_CONVERSION = YES;
				CLANG_WARN_OBJC_ROOT_CLASS = YES_ERROR;
				CLANG_WARN_QUOTED_INCLUDE_IN_FRAMEWORK_HEADER = YES;
				CLANG_WARN_RANGE_LOOP_ANALYSIS = YES;
				CLANG_WARN_STRICT_PROTOTYPES = YES;
				CLANG_WARN_SUSPICIOUS_MOVE = YES;
				CLANG_WARN_UNGUARDED_AVAILABILITY = YES_AGGRESSIVE;
				CLANG_WARN_UNREACHABLE_CODE = YES;
				CLANG_WARN__DUPLICATE_METHOD_MATCH = YES;
				COPY_PHASE_STRIP = NO;
				DEBUG_INFORMATION_FORMAT = "dwarf-with-dsym";
				ENABLE_NS_ASSERTIONS = NO;
				ENABLE_STRICT_OBJC_MSGSEND = YES;
				ENABLE_USER_SCRIPT_SANDBOXING = YES;
				GCC_C_LANGUAGE_STANDARD = gnu17;
				GCC_NO_COMMON_BLOCKS = YES;
				GCC_WARN_64_TO_32_BIT_CONVERSION = YES;
				GCC_WARN_ABOUT_RETURN_TYPE = YES_ERROR;
				GCC_WARN_UNDECLARED_SELECTOR = YES;
				GCC_WARN_UNINITIALIZED_AUTOS = YES_AGGRESSIVE;
				GCC_WARN_UNUSED_FUNCTION = YES;
				GCC_WARN_UNUSED_VARIABLE = YES;
				IPHONEOS_DEPLOYMENT_TARGET = 18.0;
				LOCALIZATION_PREFERS_STRING_CATALOGS = YES;
				MTL_ENABLE_DEBUG_INFO = NO;
				MTL_FAST_MATH = YES;
				SDKROOT = iphoneos;
				SWIFT_COMPILATION_MODE = wholemodule;
				VALIDATE_PRODUCT = YES;
			};
			name = Release;
		};
		F63F76D52CFA5E5B00BDC2EF /* Debug */ = {
			isa = XCBuildConfiguration;
			buildSettings = {
				ASSETCATALOG_COMPILER_APPICON_NAME = AppIcon;
				ASSETCATALOG_COMPILER_GLOBAL_ACCENT_COLOR_NAME = AccentColor;
				CODE_SIGN_STYLE = Automatic;
				CURRENT_PROJECT_VERSION = 2;
				DEVELOPMENT_ASSET_PATHS = "\"Green Quiz/Preview Content\"";
				DEVELOPMENT_TEAM = "";
				ENABLE_PREVIEWS = YES;
				GENERATE_INFOPLIST_FILE = YES;
				INFOPLIST_FILE = "Green-Quiz-Info.plist";
				INFOPLIST_KEY_CFBundleDisplayName = "Green Quiz";
				INFOPLIST_KEY_NSCameraUsageDescription = "We need access to the camera to set a photo for your profile.";
				INFOPLIST_KEY_UIApplicationSceneManifest_Generation = YES;
				INFOPLIST_KEY_UIApplicationSupportsIndirectInputEvents = YES;
				INFOPLIST_KEY_UILaunchScreen_Generation = YES;
				INFOPLIST_KEY_UISupportedInterfaceOrientations_iPad = "UIInterfaceOrientationPortrait UIInterfaceOrientationPortraitUpsideDown UIInterfaceOrientationLandscapeLeft UIInterfaceOrientationLandscapeRight";
				INFOPLIST_KEY_UISupportedInterfaceOrientations_iPhone = "UIInterfaceOrientationPortrait UIInterfaceOrientationLandscapeLeft UIInterfaceOrientationLandscapeRight";
				IPHONEOS_DEPLOYMENT_TARGET = 16.0;
				LD_RUNPATH_SEARCH_PATHS = (
					"$(inherited)",
					"@executable_path/Frameworks",
				);
				MARKETING_VERSION = 1.0;
				PRODUCT_BUNDLE_IDENTIFIER = com.greenquiz;
				PRODUCT_NAME = "$(TARGET_NAME)";
				SUPPORTED_PLATFORMS = "iphoneos iphonesimulator";
				SUPPORTS_MACCATALYST = NO;
				SUPPORTS_MAC_DESIGNED_FOR_IPHONE_IPAD = NO;
				SUPPORTS_XR_DESIGNED_FOR_IPHONE_IPAD = NO;
				SWIFT_EMIT_LOC_STRINGS = YES;
				SWIFT_VERSION = 5.0;
				TARGETED_DEVICE_FAMILY = 1;
			};
			name = Debug;
		};
		F63F76D62CFA5E5B00BDC2EF /* Release */ = {
			isa = XCBuildConfiguration;
			buildSettings = {
				ASSETCATALOG_COMPILER_APPICON_NAME = AppIcon;
				ASSETCATALOG_COMPILER_GLOBAL_ACCENT_COLOR_NAME = AccentColor;
				CODE_SIGN_STYLE = Automatic;
				CURRENT_PROJECT_VERSION = 2;
				DEVELOPMENT_ASSET_PATHS = "\"Green Quiz/Preview Content\"";
				DEVELOPMENT_TEAM = "";
				ENABLE_PREVIEWS = YES;
				GENERATE_INFOPLIST_FILE = YES;
				INFOPLIST_FILE = "Green-Quiz-Info.plist";
				INFOPLIST_KEY_CFBundleDisplayName = "Green Quiz";
				INFOPLIST_KEY_NSCameraUsageDescription = "We need access to the camera to set a photo for your profile.";
				INFOPLIST_KEY_UIApplicationSceneManifest_Generation = YES;
				INFOPLIST_KEY_UIApplicationSupportsIndirectInputEvents = YES;
				INFOPLIST_KEY_UILaunchScreen_Generation = YES;
				INFOPLIST_KEY_UISupportedInterfaceOrientations_iPad = "UIInterfaceOrientationPortrait UIInterfaceOrientationPortraitUpsideDown UIInterfaceOrientationLandscapeLeft UIInterfaceOrientationLandscapeRight";
				INFOPLIST_KEY_UISupportedInterfaceOrientations_iPhone = "UIInterfaceOrientationPortrait UIInterfaceOrientationLandscapeLeft UIInterfaceOrientationLandscapeRight";
				IPHONEOS_DEPLOYMENT_TARGET = 16.0;
				LD_RUNPATH_SEARCH_PATHS = (
					"$(inherited)",
					"@executable_path/Frameworks",
				);
				MARKETING_VERSION = 1.0;
				PRODUCT_BUNDLE_IDENTIFIER = com.greenquiz;
				PRODUCT_NAME = "$(TARGET_NAME)";
				SUPPORTED_PLATFORMS = "iphoneos iphonesimulator";
				SUPPORTS_MACCATALYST = NO;
				SUPPORTS_MAC_DESIGNED_FOR_IPHONE_IPAD = NO;
				SUPPORTS_XR_DESIGNED_FOR_IPHONE_IPAD = NO;
				SWIFT_EMIT_LOC_STRINGS = YES;
				SWIFT_VERSION = 5.0;
				TARGETED_DEVICE_FAMILY = 1;
			};
			name = Release;
		};
/* End XCBuildConfiguration section */

/* Begin XCConfigurationList section */
		F63F76C12CFA5E5B00BDC2EF /* Build configuration list for PBXProject "Green Quiz" */ = {
			isa = XCConfigurationList;
			buildConfigurations = (
				F63F76D22CFA5E5B00BDC2EF /* Debug */,
				F63F76D32CFA5E5B00BDC2EF /* Release */,
			);
			defaultConfigurationIsVisible = 0;
			defaultConfigurationName = Release;
		};
		F63F76D42CFA5E5B00BDC2EF /* Build configuration list for PBXNativeTarget "Green Quiz" */ = {
			isa = XCConfigurationList;
			buildConfigurations = (
				F63F76D52CFA5E5B00BDC2EF /* Debug */,
				F63F76D62CFA5E5B00BDC2EF /* Release */,
			);
			defaultConfigurationIsVisible = 0;
			defaultConfigurationName = Release;
		};
/* End XCConfigurationList section */
	};
	rootObject = F63F76BE2CFA5E5B00BDC2EF /* Project object */;
}
